
Microsoft Visual Studio Solution File, Format Version 12.00
# Visual Studio Version 16
VisualStudioVersion = 16.0.31424.327
MinimumVisualStudioVersion = 10.0.40219.1
Project("{FAE04EC0-301F-11D3-BF4B-00C04F79EFBC}") = "POD", "POD\POD.csproj", "{E82E7575-020A-4F28-8B9C-32AF158D9AD3}"
EndProject
Global
	GlobalSection(SolutionConfigurationPlatforms) = preSolution
		Debug|Any CPU = Debug|Any CPU
		Release|Any CPU = Release|Any CPU
	EndGlobalSection
	GlobalSection(ProjectConfigurationPlatforms) = postSolution
		{E82E7575-020A-4F28-8B9C-32AF158D9AD3}.Debug|Any CPU.ActiveCfg = Debug|Any CPU
		{E82E7575-020A-4F28-8B9C-32AF158D9AD3}.Debug|Any CPU.Build.0 = Debug|Any CPU
		{E82E7575-020A-4F28-8B9C-32AF158D9AD3}.Release|Any CPU.ActiveCfg = Release|Any CPU
		{E82E7575-020A-4F28-8B9C-32AF158D9AD3}.Release|Any CPU.Build.0 = Release|Any CPU
	EndGlobalSection
	GlobalSection(SolutionProperties) = preSolution
		HideSolutionNode = FALSE
	EndGlobalSection
	GlobalSection(ExtensibilityGlobals) = postSolution
		SolutionGuid = {E398335E-45D5-45A7-9125-9A4A0C115FD6}
	EndGlobalSection
EndGlobal
